
Microsoft Visual Studio Solution File, Format Version 12.00
# Visual Studio Version 16
VisualStudioVersion = 16.0.30804.86
MinimumVisualStudioVersion = 10.0.40219.1
Project("{9A19103F-16F7-4668-BE54-9A1E7A4F7556}") = "ScopedForUsers", "ScopedForUsers\ScopedForUsers.csproj", "{983B5045-E17C-4AAB-83E4-836CFE7EC72B}"
EndProject
Project("{FAE04EC0-301F-11D3-BF4B-00C04F79EFBC}") = "GraphUsersInBlazorWasm", "GraphUsersInBlazorWasm\GraphUsersInBlazorWasm.csproj", "{3DD8A745-23FD-451B-8322-4D557E25E063}"
EndProject
Global
	GlobalSection(SolutionConfigurationPlatforms) = preSolution
		Debug|Any CPU = Debug|Any CPU
		Release|Any CPU = Release|Any CPU
	EndGlobalSection
	GlobalSection(ProjectConfigurationPlatforms) = postSolution
		{983B5045-E17C-4AAB-83E4-836CFE7EC72B}.Debug|Any CPU.ActiveCfg = Debug|Any CPU
		{983B5045-E17C-4AAB-83E4-836CFE7EC72B}.Debug|Any CPU.Build.0 = Debug|Any CPU
		{983B5045-E17C-4AAB-83E4-836CFE7EC72B}.Release|Any CPU.ActiveCfg = Release|Any CPU
		{983B5045-E17C-4AAB-83E4-836CFE7EC72B}.Release|Any CPU.Build.0 = Release|Any CPU
		{3DD8A745-23FD-451B-8322-4D557E25E063}.Debug|Any CPU.ActiveCfg = Debug|Any CPU
		{3DD8A745-23FD-451B-8322-4D557E25E063}.Debug|Any CPU.Build.0 = Debug|Any CPU
		{3DD8A745-23FD-451B-8322-4D557E25E063}.Release|Any CPU.ActiveCfg = Release|Any CPU
		{3DD8A745-23FD-451B-8322-4D557E25E063}.Release|Any CPU.Build.0 = Release|Any CPU
	EndGlobalSection
	GlobalSection(SolutionProperties) = preSolution
		HideSolutionNode = FALSE
	EndGlobalSection
	GlobalSection(ExtensibilityGlobals) = postSolution
		SolutionGuid = {8114038E-B777-47D1-80E7-907AF7A7CE2F}
	EndGlobalSection
EndGlobal
